
Microsoft Visual Studio Solution File, Format Version 12.00
# Visual Studio Version 17
VisualStudioVersion = 17.10.34916.146
MinimumVisualStudioVersion = 10.0.40219.1
Project("{8BC9CEB8-8B4A-11D0-8D11-00A0C91BC942}") = "XignCodeBypass", "XignCodeBypass\XignCodeBypass.vcxproj", "{8316A31F-5BC3-4406-AA3C-09CF94B5A79F}"
EndProject
Global
	GlobalSection(SolutionConfigurationPlatforms) = preSolution
		Debug|x64 = Debug|x64
		Debug|x86 = Debug|x86
		Release|x64 = Release|x64
		Release|x86 = Release|x86
	EndGlobalSection
	GlobalSection(ProjectConfigurationPlatforms) = postSolution
		{8316A31F-5BC3-4406-AA3C-09CF94B5A79F}.Debug|x64.ActiveCfg = Release|Win32
		{8316A31F-5BC3-4406-AA3C-09CF94B5A79F}.Debug|x86.ActiveCfg = Release|Win32
		{8316A31F-5BC3-4406-AA3C-09CF94B5A79F}.Release|x64.ActiveCfg = Release|Win32
		{8316A31F-5BC3-4406-AA3C-09CF94B5A79F}.Release|x86.ActiveCfg = Release|Win32
		{8316A31F-5BC3-4406-AA3C-09CF94B5A79F}.Release|x86.Build.0 = Release|Win32
	EndGlobalSection
	GlobalSection(SolutionProperties) = preSolution
		HideSolutionNode = FALSE
	EndGlobalSection
	GlobalSection(ExtensibilityGlobals) = postSolution
		SolutionGuid = {B12C0011-DCE4-4076-ADBB-E959D1AA2D19}
	EndGlobalSection
EndGlobal
